PODS:
  - Alamofire (4.7.3)
  - Charts (3.2.1):
    - Charts/Core (= 3.2.1)
  - Charts/Core (3.2.1)
  - GoogleMaps (2.7.0):
    - GoogleMaps/Maps (= 2.7.0)
  - GoogleMaps/Base (2.7.0)
  - GoogleMaps/Maps (2.7.0):
    - GoogleMaps/Base
  - GooglePlaces (2.7.0):
    - GoogleMaps/Base (= 2.7.0)
  - ReachabilitySwift (3)
  - SVProgressHUD (2.2.5)
  - SwiftyJSON (4.1.0)

DEPENDENCIES:
  - Alamofire
  - Charts (from `https://github.com/danielgindi/Charts.git`, branch `master`)
  - GoogleMaps
  - GooglePlaces
  - ReachabilitySwift (~> 3)
  - SVProgressHUD
  - SwiftyJSON

SPEC REPOS:
  https://github.com/cocoapods/specs.git:
    - Alamofire
    - GoogleMaps
    - GooglePlaces
    - ReachabilitySwift
    - SVProgressHUD
    - SwiftyJSON

EXTERNAL SOURCES:
  Charts:
    :branch: master
    :git: https://github.com/danielgindi/Charts.git

CHECKOUT OPTIONS:
  Charts:
    :commit: 9c01bc9797733f6ba218adb38b93ccb192e35f47
    :git: https://github.com/danielgindi/Charts.git

SPEC CHECKSUMS:
  Alamofire: c7287b6e5d7da964a70935e5db17046b7fde6568
  Charts: f122fb70b19847fa5817d018b77d6c5a2296ab25
  GoogleMaps: f79af95cb24d869457b1f961c93d3ce8b2f3b848
  GooglePlaces: 3d06e6c99654545b4738ce49648745779c25f2ef
  ReachabilitySwift: f5b9bb30a0777fac8f09ce8b067e32faeb29bb64
  SVProgressHUD: 1428aafac632c1f86f62aa4243ec12008d7a51d6
  SwiftyJSON: c29297daf073d2aa016295d5809cdd68045c39b3

PODFILE CHECKSUM: 80565908c9d46e432cc479f3e6ed39bb1fc30593

COCOAPODS: 1.5.3
