// !$*UTF8*$!
{
	archiveVersion = 1;
	classes = {
	};
	objectVersion = 50;
	objects = {

/* Begin PBXBuildFile section */
		1802829A2157938A00864217 /* Constants.swift in Sources */ = {isa = PBXBuildFile; fileRef = 180282992157938A00864217 /* Constants.swift */; };
		1802829E215794E100864217 /* LocationManager.swift in Sources */ = {isa = PBXBuildFile; fileRef = 1802829D215794E100864217 /* LocationManager.swift */; };
		180282A12157A17E00864217 /* AlertHelper.swift in Sources */ = {isa = PBXBuildFile; fileRef = 180282A02157A17E00864217 /* AlertHelper.swift */; };
		180282A6215814E500864217 /* NoLocationViewController.swift in Sources */ = {isa = PBXBuildFile; fileRef = 180282A5215814E500864217 /* NoLocationViewController.swift */; };
		181FB6562181AD0300262445 /* GMSMapview+Route.swift in Sources */ = {isa = PBXBuildFile; fileRef = 181FB6552181AD0300262445 /* GMSMapview+Route.swift */; };
		18298E29214EE37E0071A1DE /* SFCompactDisplay-Heavy.otf in Resources */ = {isa = PBXBuildFile; fileRef = 18298E14214EE37E0071A1DE /* SFCompactDisplay-Heavy.otf */; };
		18298E2A214EE37E0071A1DE /* SFCompactText-Medium.otf in Resources */ = {isa = PBXBuildFile; fileRef = 18298E15214EE37E0071A1DE /* SFCompactText-Medium.otf */; };
		18298E2B214EE37E0071A1DE /* SFCompactText-SemiboldItalic.otf in Resources */ = {isa = PBXBuildFile; fileRef = 18298E16214EE37E0071A1DE /* SFCompactText-SemiboldItalic.otf */; };
		18298E2C214EE37E0071A1DE /* SFCompactDisplay-Light.otf in Resources */ = {isa = PBXBuildFile; fileRef = 18298E17214EE37E0071A1DE /* SFCompactDisplay-Light.otf */; };
		18298E2D214EE37E0071A1DE /* SFCompactText-Regular.otf in Resources */ = {isa = PBXBuildFile; fileRef = 18298E18214EE37E0071A1DE /* SFCompactText-Regular.otf */; };
		18298E2E214EE37E0071A1DE /* SFCompactText-BoldItalic.otf in Resources */ = {isa = PBXBuildFile; fileRef = 18298E19214EE37E0071A1DE /* SFCompactText-BoldItalic.otf */; };
		18298E2F214EE37E0071A1DE /* SFCompactDisplay-Semibold.otf in Resources */ = {isa = PBXBuildFile; fileRef = 18298E1A214EE37E0071A1DE /* SFCompactDisplay-Semibold.otf */; };
		18298E30214EE37E0071A1DE /* SFCompactDisplay-Medium.otf in Resources */ = {isa = PBXBuildFile; fileRef = 18298E1B214EE37E0071A1DE /* SFCompactDisplay-Medium.otf */; };
		18298E31214EE37E0071A1DE /* SFCompactDisplay-Black.otf in Resources */ = {isa = PBXBuildFile; fileRef = 18298E1C214EE37E0071A1DE /* SFCompactDisplay-Black.otf */; };
		18298E32214EE37E0071A1DE /* SFCompactDisplay-Regular.otf in Resources */ = {isa = PBXBuildFile; fileRef = 18298E1D214EE37E0071A1DE /* SFCompactDisplay-Regular.otf */; };
		18298E33214EE37E0071A1DE /* SFCompactText-MediumItalic.otf in Resources */ = {isa = PBXBuildFile; fileRef = 18298E1E214EE37E0071A1DE /* SFCompactText-MediumItalic.otf */; };
		18298E34214EE37E0071A1DE /* SFCompactText-Semibold.otf in Resources */ = {isa = PBXBuildFile; fileRef = 18298E1F214EE37E0071A1DE /* SFCompactText-Semibold.otf */; };
		18298E35214EE37E0071A1DE /* SFCompactText-RegularItalic.otf in Resources */ = {isa = PBXBuildFile; fileRef = 18298E20214EE37E0071A1DE /* SFCompactText-RegularItalic.otf */; };
		18298E36214EE37E0071A1DE /* SFCompactText-Light.otf in Resources */ = {isa = PBXBuildFile; fileRef = 18298E21214EE37E0071A1DE /* SFCompactText-Light.otf */; };
		18298E37214EE37E0071A1DE /* SFCompactDisplay-Bold.otf in Resources */ = {isa = PBXBuildFile; fileRef = 18298E22214EE37E0071A1DE /* SFCompactDisplay-Bold.otf */; };
		18298E38214EE37E0071A1DE /* SFCompactText-Bold.otf in Resources */ = {isa = PBXBuildFile; fileRef = 18298E23214EE37E0071A1DE /* SFCompactText-Bold.otf */; };
		18298E39214EE37E0071A1DE /* SFCompactDisplay-Ultralight.otf in Resources */ = {isa = PBXBuildFile; fileRef = 18298E24214EE37E0071A1DE /* SFCompactDisplay-Ultralight.otf */; };
		18298E3A214EE37E0071A1DE /* SFCompactText-Heavy.otf in Resources */ = {isa = PBXBuildFile; fileRef = 18298E25214EE37E0071A1DE /* SFCompactText-Heavy.otf */; };
		18298E3B214EE37E0071A1DE /* SFCompactText-HeavyItalic.otf in Resources */ = {isa = PBXBuildFile; fileRef = 18298E26214EE37E0071A1DE /* SFCompactText-HeavyItalic.otf */; };
		18298E3C214EE37E0071A1DE /* SFCompactText-LightItalic.otf in Resources */ = {isa = PBXBuildFile; fileRef = 18298E27214EE37E0071A1DE /* SFCompactText-LightItalic.otf */; };
		18298E3D214EE37E0071A1DE /* SFCompactDisplay-Thin.otf in Resources */ = {isa = PBXBuildFile; fileRef = 18298E28214EE37E0071A1DE /* SFCompactDisplay-Thin.otf */; };
		1830252B2174AAC8007FCBD9 /* NotificationManager.swift in Sources */ = {isa = PBXBuildFile; fileRef = 1830252A2174AAC8007FCBD9 /* NotificationManager.swift */; };
		187BF102214ED4CC00F710D6 /* AppDelegate.swift in Sources */ = {isa = PBXBuildFile; fileRef = 187BF101214ED4CC00F710D6 /* AppDelegate.swift */; };
		187BF104214ED4CC00F710D6 /* MapViewController.swift in Sources */ = {isa = PBXBuildFile; fileRef = 187BF103214ED4CC00F710D6 /* MapViewController.swift */; };
		187BF107214ED4CC00F710D6 /* Main.storyboard in Resources */ = {isa = PBXBuildFile; fileRef = 187BF105214ED4CC00F710D6 /* Main.storyboard */; };
		187BF109214ED4CE00F710D6 /* Assets.xcassets in Resources */ = {isa = PBXBuildFile; fileRef = 187BF108214ED4CE00F710D6 /* Assets.xcassets */; };
		187BF10C214ED4CE00F710D6 /* LaunchScreen.storyboard in Resources */ = {isa = PBXBuildFile; fileRef = 187BF10A214ED4CE00F710D6 /* LaunchScreen.storyboard */; };
		188219DA217B356A00003A84 /* DesignView.swift in Sources */ = {isa = PBXBuildFile; fileRef = 188219D9217B356A00003A84 /* DesignView.swift */; };
		18832C0E2160CF700025BA9C /* NetworkManager.swift in Sources */ = {isa = PBXBuildFile; fileRef = 18832C0D2160CF700025BA9C /* NetworkManager.swift */; };
		18832C1221615C670025BA9C /* Model.swift in Sources */ = {isa = PBXBuildFile; fileRef = 18832C1121615C670025BA9C /* Model.swift */; };
		18AFA9D8216CE68D00C83EF2 /* ParkingPins.swift in Sources */ = {isa = PBXBuildFile; fileRef = 18AFA9D7216CE68D00C83EF2 /* ParkingPins.swift */; };
		18C040802167A9CC006CF61F /* RoundButton.swift in Sources */ = {isa = PBXBuildFile; fileRef = 18C0407F2167A9CC006CF61F /* RoundButton.swift */; };
		18E815B1218456C600A4B73F /* ReachabilityManager.swift in Sources */ = {isa = PBXBuildFile; fileRef = 18E815B0218456C600A4B73F /* ReachabilityManager.swift */; };
		18E815B42184582A00A4B73F /* Async.swift in Sources */ = {isa = PBXBuildFile; fileRef = 18E815B32184582A00A4B73F /* Async.swift */; };
		18E815B72184602900A4B73F /* NoInternetView.xib in Resources */ = {isa = PBXBuildFile; fileRef = 18E815B62184602900A4B73F /* NoInternetView.xib */; };
		8D3772E72F8AAC9A69779889 /* Pods_Easy___Parking.framework in Frameworks */ = {isa = PBXBuildFile; fileRef = 1F918986CD3CA0161DFCCC4B /* Pods_Easy___Parking.framework */; };
/* End PBXBuildFile section */

/* Begin PBXFileReference section */
		180282992157938A00864217 /* Constants.swift */ = {isa = PBXFileReference; lastKnownFileType = sourcecode.swift; path = Constants.swift; sourceTree = "<group>"; };
		1802829D215794E100864217 /* LocationManager.swift */ = {isa = PBXFileReference; lastKnownFileType = sourcecode.swift; path = LocationManager.swift; sourceTree = "<group>"; };
		180282A02157A17E00864217 /* AlertHelper.swift */ = {isa = PBXFileReference; lastKnownFileType = sourcecode.swift; path = AlertHelper.swift; sourceTree = "<group>"; };
		180282A5215814E500864217 /* NoLocationViewController.swift */ = {isa = PBXFileReference; lastKnownFileType = sourcecode.swift; path = NoLocationViewController.swift; sourceTree = "<group>"; };
		181FB6532181A64500262445 /* Near_PLVision.gpx */ = {isa = PBXFileReference; lastKnownFileType = text.xml; path = Near_PLVision.gpx; sourceTree = "<group>"; };
		181FB6552181AD0300262445 /* GMSMapview+Route.swift */ = {isa = PBXFileReference; lastKnownFileType = sourcecode.swift; path = "GMSMapview+Route.swift"; sourceTree = "<group>"; };
		18298E14214EE37E0071A1DE /* SFCompactDisplay-Heavy.otf */ = {isa = PBXFileReference; lastKnownFileType = file; path = "SFCompactDisplay-Heavy.otf"; sourceTree = "<group>"; };
		18298E15214EE37E0071A1DE /* SFCompactText-Medium.otf */ = {isa = PBXFileReference; lastKnownFileType = file; path = "SFCompactText-Medium.otf"; sourceTree = "<group>"; };
		18298E16214EE37E0071A1DE /* SFCompactText-SemiboldItalic.otf */ = {isa = PBXFileReference; lastKnownFileType = file; path = "SFCompactText-SemiboldItalic.otf"; sourceTree = "<group>"; };
		18298E17214EE37E0071A1DE /* SFCompactDisplay-Light.otf */ = {isa = PBXFileReference; lastKnownFileType = file; path = "SFCompactDisplay-Light.otf"; sourceTree = "<group>"; };
		18298E18214EE37E0071A1DE /* SFCompactText-Regular.otf */ = {isa = PBXFileReference; lastKnownFileType = file; path = "SFCompactText-Regular.otf"; sourceTree = "<group>"; };
		18298E19214EE37E0071A1DE /* SFCompactText-BoldItalic.otf */ = {isa = PBXFileReference; lastKnownFileType = file; path = "SFCompactText-BoldItalic.otf"; sourceTree = "<group>"; };
		18298E1A214EE37E0071A1DE /* SFCompactDisplay-Semibold.otf */ = {isa = PBXFileReference; lastKnownFileType = file; path = "SFCompactDisplay-Semibold.otf"; sourceTree = "<group>"; };
		18298E1B214EE37E0071A1DE /* SFCompactDisplay-Medium.otf */ = {isa = PBXFileReference; lastKnownFileType = file; path = "SFCompactDisplay-Medium.otf"; sourceTree = "<group>"; };
		18298E1C214EE37E0071A1DE /* SFCompactDisplay-Black.otf */ = {isa = PBXFileReference; lastKnownFileType = file; path = "SFCompactDisplay-Black.otf"; sourceTree = "<group>"; };
		18298E1D214EE37E0071A1DE /* SFCompactDisplay-Regular.otf */ = {isa = PBXFileReference; lastKnownFileType = file; path = "SFCompactDisplay-Regular.otf"; sourceTree = "<group>"; };
		18298E1E214EE37E0071A1DE /* SFCompactText-MediumItalic.otf */ = {isa = PBXFileReference; lastKnownFileType = file; path = "SFCompactText-MediumItalic.otf"; sourceTree = "<group>"; };
		18298E1F214EE37E0071A1DE /* SFCompactText-Semibold.otf */ = {isa = PBXFileReference; lastKnownFileType = file; path = "SFCompactText-Semibold.otf"; sourceTree = "<group>"; };
		18298E20214EE37E0071A1DE /* SFCompactText-RegularItalic.otf */ = {isa = PBXFileReference; lastKnownFileType = file; path = "SFCompactText-RegularItalic.otf"; sourceTree = "<group>"; };
		18298E21214EE37E0071A1DE /* SFCompactText-Light.otf */ = {isa = PBXFileReference; lastKnownFileType = file; path = "SFCompactText-Light.otf"; sourceTree = "<group>"; };
		18298E22214EE37E0071A1DE /* SFCompactDisplay-Bold.otf */ = {isa = PBXFileReference; lastKnownFileType = file; path = "SFCompactDisplay-Bold.otf"; sourceTree = "<group>"; };
		18298E23214EE37E0071A1DE /* SFCompactText-Bold.otf */ = {isa = PBXFileReference; lastKnownFileType = file; path = "SFCompactText-Bold.otf"; sourceTree = "<group>"; };
		18298E24214EE37E0071A1DE /* SFCompactDisplay-Ultralight.otf */ = {isa = PBXFileReference; lastKnownFileType = file; path = "SFCompactDisplay-Ultralight.otf"; sourceTree = "<group>"; };
		18298E25214EE37E0071A1DE /* SFCompactText-Heavy.otf */ = {isa = PBXFileReference; lastKnownFileType = file; path = "SFCompactText-Heavy.otf"; sourceTree = "<group>"; };
		18298E26214EE37E0071A1DE /* SFCompactText-HeavyItalic.otf */ = {isa = PBXFileReference; lastKnownFileType = file; path = "SFCompactText-HeavyItalic.otf"; sourceTree = "<group>"; };
		18298E27214EE37E0071A1DE /* SFCompactText-LightItalic.otf */ = {isa = PBXFileReference; lastKnownFileType = file; path = "SFCompactText-LightItalic.otf"; sourceTree = "<group>"; };
		18298E28214EE37E0071A1DE /* SFCompactDisplay-Thin.otf */ = {isa = PBXFileReference; lastKnownFileType = file; path = "SFCompactDisplay-Thin.otf"; sourceTree = "<group>"; };
		1830252A2174AAC8007FCBD9 /* NotificationManager.swift */ = {isa = PBXFileReference; lastKnownFileType = sourcecode.swift; path = NotificationManager.swift; sourceTree = "<group>"; };
		1874AE53217BB5150050A95C /* PLVision.gpx */ = {isa = PBXFileReference; lastKnownFileType = text.xml; path = PLVision.gpx; sourceTree = "<group>"; };
		187BF0FE214ED4CC00F710D6 /* Easy - Parking.app */ = {isa = PBXFileReference; explicitFileType = wrapper.application; includeInIndex = 0; path = "Easy - Parking.app"; sourceTree = BUILT_PRODUCTS_DIR; };
		187BF101214ED4CC00F710D6 /* AppDelegate.swift */ = {isa = PBXFileReference; lastKnownFileType = sourcecode.swift; path = AppDelegate.swift; sourceTree = "<group>"; };
		187BF103214ED4CC00F710D6 /* MapViewController.swift */ = {isa = PBXFileReference; lastKnownFileType = sourcecode.swift; path = MapViewController.swift; sourceTree = "<group>"; };
		187BF106214ED4CC00F710D6 /* Base */ = {isa = PBXFileReference; lastKnownFileType = file.storyboard; name = Base; path = Base.lproj/Main.storyboard; sourceTree = "<group>"; };
		187BF108214ED4CE00F710D6 /* Assets.xcassets */ = {isa = PBXFileReference; lastKnownFileType = folder.assetcatalog; path = Assets.xcassets; sourceTree = "<group>"; };
		187BF10B214ED4CE00F710D6 /* Base */ = {isa = PBXFileReference; lastKnownFileType = file.storyboard; name = Base; path = Base.lproj/LaunchScreen.storyboard; sourceTree = "<group>"; };
		187BF10D214ED4CE00F710D6 /* Info.plist */ = {isa = PBXFileReference; lastKnownFileType = text.plist.xml; path = Info.plist; sourceTree = "<group>"; };
		188219D9217B356A00003A84 /* DesignView.swift */ = {isa = PBXFileReference; lastKnownFileType = sourcecode.swift; path = DesignView.swift; sourceTree = "<group>"; };
		188219DC217B492600003A84 /* Home.gpx */ = {isa = PBXFileReference; lastKnownFileType = text.xml; path = Home.gpx; sourceTree = "<group>"; };
		18832C0D2160CF700025BA9C /* NetworkManager.swift */ = {isa = PBXFileReference; lastKnownFileType = sourcecode.swift; path = NetworkManager.swift; sourceTree = "<group>"; };
		18832C1121615C670025BA9C /* Model.swift */ = {isa = PBXFileReference; lastKnownFileType = sourcecode.swift; path = Model.swift; sourceTree = "<group>"; };
		18AFA9D7216CE68D00C83EF2 /* ParkingPins.swift */ = {isa = PBXFileReference; lastKnownFileType = sourcecode.swift; path = ParkingPins.swift; sourceTree = "<group>"; };
		18C0407F2167A9CC006CF61F /* RoundButton.swift */ = {isa = PBXFileReference; lastKnownFileType = sourcecode.swift; name = RoundButton.swift; path = "Easy - Parking/RoundButton.swift"; sourceTree = SOURCE_ROOT; };
		18E815B0218456C600A4B73F /* ReachabilityManager.swift */ = {isa = PBXFileReference; lastKnownFileType = sourcecode.swift; path = ReachabilityManager.swift; sourceTree = "<group>"; };
		18E815B32184582A00A4B73F /* Async.swift */ = {isa = PBXFileReference; lastKnownFileType = sourcecode.swift; path = Async.swift; sourceTree = "<group>"; };
		18E815B62184602900A4B73F /* NoInternetView.xib */ = {isa = PBXFileReference; lastKnownFileType = file.xib; path = NoInternetView.xib; sourceTree = "<group>"; };
		1F918986CD3CA0161DFCCC4B /* Pods_Easy___Parking.framework */ = {isa = PBXFileReference; explicitFileType = wrapper.framework; includeInIndex = 0; path = "Pods_Easy___Parking.framework"; sourceTree = BUILT_PRODUCTS_DIR; };
		79DE76B3B8EB32280B6CE5FB /* Pods-Easy - Parking.debug.xcconfig */ = {isa = PBXFileReference; includeInIndex = 1; lastKnownFileType = text.xcconfig; name = "Pods-Easy - Parking.debug.xcconfig"; path = "Pods/Target Support Files/Pods-Easy - Parking/Pods-Easy - Parking.debug.xcconfig"; sourceTree = "<group>"; };
		B4A7ECF4EAA9FF1DD1C619E5 /* Pods-Easy - Parking.release.xcconfig */ = {isa = PBXFileReference; includeInIndex = 1; lastKnownFileType = text.xcconfig; name = "Pods-Easy - Parking.release.xcconfig"; path = "Pods/Target Support Files/Pods-Easy - Parking/Pods-Easy - Parking.release.xcconfig"; sourceTree = "<group>"; };
/* End PBXFileReference section */

/* Begin PBXFrameworksBuildPhase section */
		187BF0FB214ED4CC00F710D6 /* Frameworks */ = {
			isa = PBXFrameworksBuildPhase;
			buildActionMask = 2147483647;
			files = (
				8D3772E72F8AAC9A69779889 /* Pods_Easy___Parking.framework in Frameworks */,
			);
			runOnlyForDeploymentPostprocessing = 0;
		};
/* End PBXFrameworksBuildPhase section */

/* Begin PBXGroup section */
		18028298215792D700864217 /* Constants */ = {
			isa = PBXGroup;
			children = (
				180282992157938A00864217 /* Constants.swift */,
			);
			path = Constants;
			sourceTree = "<group>";
		};
		1802829B2157949E00864217 /* Managers */ = {
			isa = PBXGroup;
			children = (
				18E815AE218455CB00A4B73F /* ReachabilityManager */,
				181FB6542181A8FD00262445 /* MapNetworkManager */,
				183025292174AAB2007FCBD9 /* NotificationManager */,
				18832C0C2160CF530025BA9C /* NetworkManager */,
				1802829C215794A900864217 /* LocationManager */,
			);
			path = Managers;
			sourceTree = "<group>";
		};
		1802829C215794A900864217 /* LocationManager */ = {
			isa = PBXGroup;
			children = (
				1802829D215794E100864217 /* LocationManager.swift */,
			);
			path = LocationManager;
			sourceTree = "<group>";
		};
		1802829F2157A17400864217 /* Helper */ = {
			isa = PBXGroup;
			children = (
				180282A02157A17E00864217 /* AlertHelper.swift */,
			);
			path = Helper;
			sourceTree = "<group>";
		};
		180282A2215814B100864217 /* Controllers */ = {
			isa = PBXGroup;
			children = (
				187BF103214ED4CC00F710D6 /* MapViewController.swift */,
				180282A5215814E500864217 /* NoLocationViewController.swift */,
			);
			path = Controllers;
			sourceTree = "<group>";
		};
		181FB6542181A8FD00262445 /* MapNetworkManager */ = {
			isa = PBXGroup;
			children = (
				181FB6552181AD0300262445 /* GMSMapview+Route.swift */,
			);
			path = MapNetworkManager;
			sourceTree = "<group>";
		};
		18298E13214EE37E0071A1DE /* SF Compact */ = {
			isa = PBXGroup;
			children = (
				18298E14214EE37E0071A1DE /* SFCompactDisplay-Heavy.otf */,
				18298E15214EE37E0071A1DE /* SFCompactText-Medium.otf */,
				18298E16214EE37E0071A1DE /* SFCompactText-SemiboldItalic.otf */,
				18298E17214EE37E0071A1DE /* SFCompactDisplay-Light.otf */,
				18298E18214EE37E0071A1DE /* SFCompactText-Regular.otf */,
				18298E19214EE37E0071A1DE /* SFCompactText-BoldItalic.otf */,
				18298E1A214EE37E0071A1DE /* SFCompactDisplay-Semibold.otf */,
				18298E1B214EE37E0071A1DE /* SFCompactDisplay-Medium.otf */,
				18298E1C214EE37E0071A1DE /* SFCompactDisplay-Black.otf */,
				18298E1D214EE37E0071A1DE /* SFCompactDisplay-Regular.otf */,
				18298E1E214EE37E0071A1DE /* SFCompactText-MediumItalic.otf */,
				18298E1F214EE37E0071A1DE /* SFCompactText-Semibold.otf */,
				18298E20214EE37E0071A1DE /* SFCompactText-RegularItalic.otf */,
				18298E21214EE37E0071A1DE /* SFCompactText-Light.otf */,
				18298E22214EE37E0071A1DE /* SFCompactDisplay-Bold.otf */,
				18298E23214EE37E0071A1DE /* SFCompactText-Bold.otf */,
				18298E24214EE37E0071A1DE /* SFCompactDisplay-Ultralight.otf */,
				18298E25214EE37E0071A1DE /* SFCompactText-Heavy.otf */,
				18298E26214EE37E0071A1DE /* SFCompactText-HeavyItalic.otf */,
				18298E27214EE37E0071A1DE /* SFCompactText-LightItalic.otf */,
				18298E28214EE37E0071A1DE /* SFCompactDisplay-Thin.otf */,
			);
			path = "SF Compact";
			sourceTree = "<group>";
		};
		183025292174AAB2007FCBD9 /* NotificationManager */ = {
			isa = PBXGroup;
			children = (
				1830252A2174AAC8007FCBD9 /* NotificationManager.swift */,
			);
			path = NotificationManager;
			sourceTree = "<group>";
		};
		187BF0F5214ED4CC00F710D6 = {
			isa = PBXGroup;
			children = (
				187BF100214ED4CC00F710D6 /* Easy - Parking */,
				187BF0FF214ED4CC00F710D6 /* Products */,
				18298E13214EE37E0071A1DE /* SF Compact */,
				A6B30141B196EC2B60954FDC /* Pods */,
				E21BD1CA8787ABC08F9DC6DC /* Frameworks */,
			);
			sourceTree = "<group>";
		};
		187BF0FF214ED4CC00F710D6 /* Products */ = {
			isa = PBXGroup;
			children = (
				187BF0FE214ED4CC00F710D6 /* Easy - Parking.app */,
			);
			name = Products;
			sourceTree = "<group>";
		};
		187BF100214ED4CC00F710D6 /* Easy - Parking */ = {
			isa = PBXGroup;
			children = (
				18E815B2218457D600A4B73F /* ConcurrencyUtils */,
				188219DB217B490A00003A84 /* GPX */,
				18C0407E2167A96E006CF61F /* View */,
				18832C0F2160CF780025BA9C /* Model */,
				180282A2215814B100864217 /* Controllers */,
				1802829F2157A17400864217 /* Helper */,
				1802829B2157949E00864217 /* Managers */,
				18028298215792D700864217 /* Constants */,
				187BF101214ED4CC00F710D6 /* AppDelegate.swift */,
				187BF105214ED4CC00F710D6 /* Main.storyboard */,
				187BF108214ED4CE00F710D6 /* Assets.xcassets */,
				187BF10A214ED4CE00F710D6 /* LaunchScreen.storyboard */,
				187BF10D214ED4CE00F710D6 /* Info.plist */,
			);
			path = "Easy - Parking";
			sourceTree = "<group>";
		};
		188219DB217B490A00003A84 /* GPX */ = {
			isa = PBXGroup;
			children = (
				188219DC217B492600003A84 /* Home.gpx */,
				1874AE53217BB5150050A95C /* PLVision.gpx */,
				181FB6532181A64500262445 /* Near_PLVision.gpx */,
			);
			path = GPX;
			sourceTree = "<group>";
		};
		18832C0C2160CF530025BA9C /* NetworkManager */ = {
			isa = PBXGroup;
			children = (
				18832C0D2160CF700025BA9C /* NetworkManager.swift */,
			);
			path = NetworkManager;
			sourceTree = "<group>";
		};
		18832C0F2160CF780025BA9C /* Model */ = {
			isa = PBXGroup;
			children = (
				18832C1121615C670025BA9C /* Model.swift */,
				18AFA9D7216CE68D00C83EF2 /* ParkingPins.swift */,
			);
			path = Model;
			sourceTree = "<group>";
		};
		18C0407E2167A96E006CF61F /* View */ = {
			isa = PBXGroup;
			children = (
				18C0407F2167A9CC006CF61F /* RoundButton.swift */,
				188219D9217B356A00003A84 /* DesignView.swift */,
				18E815B62184602900A4B73F /* NoInternetView.xib */,
			);
			path = View;
			sourceTree = "<group>";
		};
		18E815AE218455CB00A4B73F /* ReachabilityManager */ = {
			isa = PBXGroup;
			children = (
				18E815B0218456C600A4B73F /* ReachabilityManager.swift */,
			);
			path = ReachabilityManager;
			sourceTree = "<group>";
		};
		18E815B2218457D600A4B73F /* ConcurrencyUtils */ = {
			isa = PBXGroup;
			children = (
				18E815B32184582A00A4B73F /* Async.swift */,
			);
			path = ConcurrencyUtils;
			sourceTree = "<group>";
		};
		A6B30141B196EC2B60954FDC /* Pods */ = {
			isa = PBXGroup;
			children = (
				79DE76B3B8EB32280B6CE5FB /* Pods-Easy - Parking.debug.xcconfig */,
				B4A7ECF4EAA9FF1DD1C619E5 /* Pods-Easy - Parking.release.xcconfig */,
			);
			name = Pods;
			sourceTree = "<group>";
		};
		E21BD1CA8787ABC08F9DC6DC /* Frameworks */ = {
			isa = PBXGroup;
			children = (
				1F918986CD3CA0161DFCCC4B /* Pods_Easy___Parking.framework */,
			);
			name = Frameworks;
			sourceTree = "<group>";
		};
/* End PBXGroup section */

/* Begin PBXNativeTarget section */
		187BF0FD214ED4CC00F710D6 /* Easy - Parking */ = {
			isa = PBXNativeTarget;
			buildConfigurationList = 187BF110214ED4CE00F710D6 /* Build configuration list for PBXNativeTarget "Easy - Parking" */;
			buildPhases = (
				47534C42E43E12EE8B88F839 /* [CP] Check Pods Manifest.lock */,
				187BF0FA214ED4CC00F710D6 /* Sources */,
				187BF0FB214ED4CC00F710D6 /* Frameworks */,
				187BF0FC214ED4CC00F710D6 /* Resources */,
				74A724E1D864A65B52498F06 /* [CP] Copy Pods Resources */,
				08B77178673E8A83D91D354E /* [CP] Embed Pods Frameworks */,
			);
			buildRules = (
			);
			dependencies = (
			);
			name = "Easy - Parking";
			productName = "Easy - Parking";
			productReference = 187BF0FE214ED4CC00F710D6 /* Easy - Parking.app */;
			productType = "com.apple.product-type.application";
		};
/* End PBXNativeTarget section */

/* Begin PBXProject section */
		187BF0F6214ED4CC00F710D6 /* Project object */ = {
			isa = PBXProject;
			attributes = {
				LastSwiftUpdateCheck = 0940;
				LastUpgradeCheck = 0940;
				ORGANIZATIONNAME = "Easy-Parking";
				TargetAttributes = {
					187BF0FD214ED4CC00F710D6 = {
						CreatedOnToolsVersion = 9.4.1;
					};
				};
			};
			buildConfigurationList = 187BF0F9214ED4CC00F710D6 /* Build configuration list for PBXProject "Easy - Parking" */;
			compatibilityVersion = "Xcode 9.3";
			developmentRegion = en;
			hasScannedForEncodings = 0;
			knownRegions = (
				en,
				Base,
			);
			mainGroup = 187BF0F5214ED4CC00F710D6;
			productRefGroup = 187BF0FF214ED4CC00F710D6 /* Products */;
			projectDirPath = "";
			projectRoot = "";
			targets = (
				187BF0FD214ED4CC00F710D6 /* Easy - Parking */,
			);
		};
/* End PBXProject section */

/* Begin PBXResourcesBuildPhase section */
		187BF0FC214ED4CC00F710D6 /* Resources */ = {
			isa = PBXResourcesBuildPhase;
			buildActionMask = 2147483647;
			files = (
				18298E35214EE37E0071A1DE /* SFCompactText-RegularItalic.otf in Resources */,
				18298E30214EE37E0071A1DE /* SFCompactDisplay-Medium.otf in Resources */,
				18298E37214EE37E0071A1DE /* SFCompactDisplay-Bold.otf in Resources */,
				18298E36214EE37E0071A1DE /* SFCompactText-Light.otf in Resources */,
				18298E3A214EE37E0071A1DE /* SFCompactText-Heavy.otf in Resources */,
				18298E2C214EE37E0071A1DE /* SFCompactDisplay-Light.otf in Resources */,
				18298E3D214EE37E0071A1DE /* SFCompactDisplay-Thin.otf in Resources */,
				18298E39214EE37E0071A1DE /* SFCompactDisplay-Ultralight.otf in Resources */,
				18298E2B214EE37E0071A1DE /* SFCompactText-SemiboldItalic.otf in Resources */,
				187BF10C214ED4CE00F710D6 /* LaunchScreen.storyboard in Resources */,
				18298E3C214EE37E0071A1DE /* SFCompactText-LightItalic.otf in Resources */,
				18E815B72184602900A4B73F /* NoInternetView.xib in Resources */,
				18298E32214EE37E0071A1DE /* SFCompactDisplay-Regular.otf in Resources */,
				18298E2E214EE37E0071A1DE /* SFCompactText-BoldItalic.otf in Resources */,
				18298E34214EE37E0071A1DE /* SFCompactText-Semibold.otf in Resources */,
				18298E2A214EE37E0071A1DE /* SFCompactText-Medium.otf in Resources */,
				18298E2D214EE37E0071A1DE /* SFCompactText-Regular.otf in Resources */,
				18298E29214EE37E0071A1DE /* SFCompactDisplay-Heavy.otf in Resources */,
				18298E3B214EE37E0071A1DE /* SFCompactText-HeavyItalic.otf in Resources */,
				187BF109214ED4CE00F710D6 /* Assets.xcassets in Resources */,
				18298E33214EE37E0071A1DE /* SFCompactText-MediumItalic.otf in Resources */,
				18298E31214EE37E0071A1DE /* SFCompactDisplay-Black.otf in Resources */,
				18298E2F214EE37E0071A1DE /* SFCompactDisplay-Semibold.otf in Resources */,
				18298E38214EE37E0071A1DE /* SFCompactText-Bold.otf in Resources */,
				187BF107214ED4CC00F710D6 /* Main.storyboard in Resources */,
			);
			runOnlyForDeploymentPostprocessing = 0;
		};
/* End PBXResourcesBuildPhase section */

/* Begin PBXShellScriptBuildPhase section */
		08B77178673E8A83D91D354E /* [CP] Embed Pods Frameworks */ = {
			isa = PBXShellScriptBuildPhase;
			buildActionMask = 2147483647;
			files = (
			);
			inputPaths = (
				"${SRCROOT}/Pods/Target Support Files/Pods-Easy - Parking/Pods-Easy - Parking-frameworks.sh",
				"${BUILT_PRODUCTS_DIR}/Alamofire/Alamofire.framework",
				"${BUILT_PRODUCTS_DIR}/Charts/Charts.framework",
				"${BUILT_PRODUCTS_DIR}/SwiftyJSON/SwiftyJSON.framework",
			);
			name = "[CP] Embed Pods Frameworks";
			outputPaths = (
				"${TARGET_BUILD_DIR}/${FRAMEWORKS_FOLDER_PATH}/Alamofire.framework",
				"${TARGET_BUILD_DIR}/${FRAMEWORKS_FOLDER_PATH}/Charts.framework",
				"${TARGET_BUILD_DIR}/${FRAMEWORKS_FOLDER_PATH}/SwiftyJSON.framework",
			);
			runOnlyForDeploymentPostprocessing = 0;
			shellPath = /bin/sh;
			shellScript = "\"${SRCROOT}/Pods/Target Support Files/Pods-Easy - Parking/Pods-Easy - Parking-frameworks.sh\"\n";
			showEnvVarsInLog = 0;
		};
		47534C42E43E12EE8B88F839 /* [CP] Check Pods Manifest.lock */ = {
			isa = PBXShellScriptBuildPhase;
			buildActionMask = 2147483647;
			files = (
			);
			inputPaths = (
				"${PODS_PODFILE_DIR_PATH}/Podfile.lock",
				"${PODS_ROOT}/Manifest.lock",
			);
			name = "[CP] Check Pods Manifest.lock";
			outputPaths = (
				"$(DERIVED_FILE_DIR)/Pods-Easy - Parking-checkManifestLockResult.txt",
			);
			runOnlyForDeploymentPostprocessing = 0;
			shellPath = /bin/sh;
			shellScript = "diff \"${PODS_PODFILE_DIR_PATH}/Podfile.lock\" \"${PODS_ROOT}/Manifest.lock\" > /dev/null\nif [ $? != 0 ] ; then\n    # print error to STDERR\n    echo \"error: The sandbox is not in sync with the Podfile.lock. Run 'pod install' or update your CocoaPods installation.\" >&2\n    exit 1\nfi\n# This output is used by Xcode 'outputs' to avoid re-running this script phase.\necho \"SUCCESS\" > \"${SCRIPT_OUTPUT_FILE_0}\"\n";
			showEnvVarsInLog = 0;
		};
		74A724E1D864A65B52498F06 /* [CP] Copy Pods Resources */ = {
			isa = PBXShellScriptBuildPhase;
			buildActionMask = 2147483647;
			files = (
			);
			inputPaths = (
				"${SRCROOT}/Pods/Target Support Files/Pods-Easy - Parking/Pods-Easy - Parking-resources.sh",
				"${PODS_ROOT}/GoogleMaps/Maps/Frameworks/GoogleMaps.framework/Resources/GoogleMaps.bundle",
				"${PODS_ROOT}/GooglePlaces/Frameworks/GooglePlaces.framework/Resources/GooglePlaces.bundle",
			);
			name = "[CP] Copy Pods Resources";
			outputPaths = (
				"${TARGET_BUILD_DIR}/${UNLOCALIZED_RESOURCES_FOLDER_PATH}/GoogleMaps.bundle",
				"${TARGET_BUILD_DIR}/${UNLOCALIZED_RESOURCES_FOLDER_PATH}/GooglePlaces.bundle",
			);
			runOnlyForDeploymentPostprocessing = 0;
			shellPath = /bin/sh;
			shellScript = "\"${SRCROOT}/Pods/Target Support Files/Pods-Easy - Parking/Pods-Easy - Parking-resources.sh\"\n";
			showEnvVarsInLog = 0;
		};
/* End PBXShellScriptBuildPhase section */

/* Begin PBXSourcesBuildPhase section */
		187BF0FA214ED4CC00F710D6 /* Sources */ = {
			isa = PBXSourcesBuildPhase;
			buildActionMask = 2147483647;
			files = (
				18C040802167A9CC006CF61F /* RoundButton.swift in Sources */,
				188219DA217B356A00003A84 /* DesignView.swift in Sources */,
				1802829E215794E100864217 /* LocationManager.swift in Sources */,
				187BF104214ED4CC00F710D6 /* MapViewController.swift in Sources */,
				180282A6215814E500864217 /* NoLocationViewController.swift in Sources */,
				1830252B2174AAC8007FCBD9 /* NotificationManager.swift in Sources */,
				18832C0E2160CF700025BA9C /* NetworkManager.swift in Sources */,
				187BF102214ED4CC00F710D6 /* AppDelegate.swift in Sources */,
				18AFA9D8216CE68D00C83EF2 /* ParkingPins.swift in Sources */,
				18E815B1218456C600A4B73F /* ReachabilityManager.swift in Sources */,
				181FB6562181AD0300262445 /* GMSMapview+Route.swift in Sources */,
				180282A12157A17E00864217 /* AlertHelper.swift in Sources */,
				1802829A2157938A00864217 /* Constants.swift in Sources */,
				18E815B42184582A00A4B73F /* Async.swift in Sources */,
				18832C1221615C670025BA9C /* Model.swift in Sources */,
			);
			runOnlyForDeploymentPostprocessing = 0;
		};
/* End PBXSourcesBuildPhase section */

/* Begin PBXVariantGroup section */
		187BF105214ED4CC00F710D6 /* Main.storyboard */ = {
			isa = PBXVariantGroup;
			children = (
				187BF106214ED4CC00F710D6 /* Base */,
			);
			name = Main.storyboard;
			sourceTree = "<group>";
		};
		187BF10A214ED4CE00F710D6 /* LaunchScreen.storyboard */ = {
			isa = PBXVariantGroup;
			children = (
				187BF10B214ED4CE00F710D6 /* Base */,
			);
			name = LaunchScreen.storyboard;
			sourceTree = "<group>";
		};
/* End PBXVariantGroup section */

/* Begin XCBuildConfiguration section */
		187BF10E214ED4CE00F710D6 /* Debug */ = {
			isa = XCBuildConfiguration;
			buildSettings = {
				ALWAYS_SEARCH_USER_PATHS = NO;
				CLANG_ANALYZER_NONNULL = YES;
				CLANG_ANALYZER_NUMBER_OBJECT_CONVERSION = YES_AGGRESSIVE;
				CLANG_CXX_LANGUAGE_STANDARD = "gnu++14";
				CLANG_CXX_LIBRARY = "libc++";
				CLANG_ENABLE_MODULES = YES;
				CLANG_ENABLE_OBJC_ARC = YES;
				CLANG_ENABLE_OBJC_WEAK = YES;
				CLANG_WARN_BLOCK_CAPTURE_AUTORELEASING = YES;
				CLANG_WARN_BOOL_CONVERSION = YES;
				CLANG_WARN_COMMA = YES;
				CLANG_WARN_CONSTANT_CONVERSION = YES;
				CLANG_WARN_DEPRECATED_OBJC_IMPLEMENTATIONS = YES;
				CLANG_WARN_DIRECT_OBJC_ISA_USAGE = YES_ERROR;
				CLANG_WARN_DOCUMENTATION_COMMENTS = YES;
				CLANG_WARN_EMPTY_BODY = YES;
				CLANG_WARN_ENUM_CONVERSION = YES;
				CLANG_WARN_INFINITE_RECURSION = YES;
				CLANG_WARN_INT_CONVERSION = YES;
				CLANG_WARN_NON_LITERAL_NULL_CONVERSION = YES;
				CLANG_WARN_OBJC_IMPLICIT_RETAIN_SELF = YES;
				CLANG_WARN_OBJC_LITERAL_CONVERSION = YES;
				CLANG_WARN_OBJC_ROOT_CLASS = YES_ERROR;
				CLANG_WARN_RANGE_LOOP_ANALYSIS = YES;
				CLANG_WARN_STRICT_PROTOTYPES = YES;
				CLANG_WARN_SUSPICIOUS_MOVE = YES;
				CLANG_WARN_UNGUARDED_AVAILABILITY = YES_AGGRESSIVE;
				CLANG_WARN_UNREACHABLE_CODE = YES;
				CLANG_WARN__DUPLICATE_METHOD_MATCH = YES;
				CODE_SIGN_IDENTITY = "iPhone Developer";
				COPY_PHASE_STRIP = NO;
				DEBUG_INFORMATION_FORMAT = dwarf;
				ENABLE_STRICT_OBJC_MSGSEND = YES;
				ENABLE_TESTABILITY = YES;
				GCC_C_LANGUAGE_STANDARD = gnu11;
				GCC_DYNAMIC_NO_PIC = NO;
				GCC_NO_COMMON_BLOCKS = YES;
				GCC_OPTIMIZATION_LEVEL = 0;
				GCC_PREPROCESSOR_DEFINITIONS = (
					"DEBUG=1",
					"$(inherited)",
				);
				GCC_WARN_64_TO_32_BIT_CONVERSION = YES;
				GCC_WARN_ABOUT_RETURN_TYPE = YES_ERROR;
				GCC_WARN_UNDECLARED_SELECTOR = YES;
				GCC_WARN_UNINITIALIZED_AUTOS = YES_AGGRESSIVE;
				GCC_WARN_UNUSED_FUNCTION = YES;
				GCC_WARN_UNUSED_VARIABLE = YES;
				IPHONEOS_DEPLOYMENT_TARGET = 11.4;
				MTL_ENABLE_DEBUG_INFO = YES;
				ONLY_ACTIVE_ARCH = YES;
				SDKROOT = iphoneos;
				SWIFT_ACTIVE_COMPILATION_CONDITIONS = DEBUG;
				SWIFT_OPTIMIZATION_LEVEL = "-Onone";
			};
			name = Debug;
		};
		187BF10F214ED4CE00F710D6 /* Release */ = {
			isa = XCBuildConfiguration;
			buildSettings = {
				ALWAYS_SEARCH_USER_PATHS = NO;
				CLANG_ANALYZER_NONNULL = YES;
				CLANG_ANALYZER_NUMBER_OBJECT_CONVERSION = YES_AGGRESSIVE;
				CLANG_CXX_LANGUAGE_STANDARD = "gnu++14";
				CLANG_CXX_LIBRARY = "libc++";
				CLANG_ENABLE_MODULES = YES;
				CLANG_ENABLE_OBJC_ARC = YES;
				CLANG_ENABLE_OBJC_WEAK = YES;
				CLANG_WARN_BLOCK_CAPTURE_AUTORELEASING = YES;
				CLANG_WARN_BOOL_CONVERSION = YES;
				CLANG_WARN_COMMA = YES;
				CLANG_WARN_CONSTANT_CONVERSION = YES;
				CLANG_WARN_DEPRECATED_OBJC_IMPLEMENTATIONS = YES;
				CLANG_WARN_DIRECT_OBJC_ISA_USAGE = YES_ERROR;
				CLANG_WARN_DOCUMENTATION_COMMENTS = YES;
				CLANG_WARN_EMPTY_BODY = YES;
				CLANG_WARN_ENUM_CONVERSION = YES;
				CLANG_WARN_INFINITE_RECURSION = YES;
				CLANG_WARN_INT_CONVERSION = YES;
				CLANG_WARN_NON_LITERAL_NULL_CONVERSION = YES;
				CLANG_WARN_OBJC_IMPLICIT_RETAIN_SELF = YES;
				CLANG_WARN_OBJC_LITERAL_CONVERSION = YES;
				CLANG_WARN_OBJC_ROOT_CLASS = YES_ERROR;
				CLANG_WARN_RANGE_LOOP_ANALYSIS = YES;
				CLANG_WARN_STRICT_PROTOTYPES = YES;
				CLANG_WARN_SUSPICIOUS_MOVE = YES;
				CLANG_WARN_UNGUARDED_AVAILABILITY = YES_AGGRESSIVE;
				CLANG_WARN_UNREACHABLE_CODE = YES;
				CLANG_WARN__DUPLICATE_METHOD_MATCH = YES;
				CODE_SIGN_IDENTITY = "iPhone Developer";
				COPY_PHASE_STRIP = NO;
				DEBUG_INFORMATION_FORMAT = "dwarf-with-dsym";
				ENABLE_NS_ASSERTIONS = NO;
				ENABLE_STRICT_OBJC_MSGSEND = YES;
				GCC_C_LANGUAGE_STANDARD = gnu11;
				GCC_NO_COMMON_BLOCKS = YES;
				GCC_WARN_64_TO_32_BIT_CONVERSION = YES;
				GCC_WARN_ABOUT_RETURN_TYPE = YES_ERROR;
				GCC_WARN_UNDECLARED_SELECTOR = YES;
				GCC_WARN_UNINITIALIZED_AUTOS = YES_AGGRESSIVE;
				GCC_WARN_UNUSED_FUNCTION = YES;
				GCC_WARN_UNUSED_VARIABLE = YES;
				IPHONEOS_DEPLOYMENT_TARGET = 11.4;
				MTL_ENABLE_DEBUG_INFO = NO;
				SDKROOT = iphoneos;
				SWIFT_COMPILATION_MODE = wholemodule;
				SWIFT_OPTIMIZATION_LEVEL = "-O";
				VALIDATE_PRODUCT = YES;
			};
			name = Release;
		};
		187BF111214ED4CE00F710D6 /* Debug */ = {
			isa = XCBuildConfiguration;
			baseConfigurationReference = 79DE76B3B8EB32280B6CE5FB /* Pods-Easy - Parking.debug.xcconfig */;
			buildSettings = {
				ASSETCATALOG_COMPILER_APPICON_NAME = AppIcon;
				CODE_SIGN_STYLE = Automatic;
				DEVELOPMENT_TEAM = 65ZCMBX653;
				INFOPLIST_FILE = "Easy - Parking/Info.plist";
				IPHONEOS_DEPLOYMENT_TARGET = 11.2;
				LD_RUNPATH_SEARCH_PATHS = (
					"$(inherited)",
					"@executable_path/Frameworks",
				);
				PRODUCT_BUNDLE_IDENTIFIER = com.pythonanywhere.easyparking;
				PRODUCT_NAME = "$(TARGET_NAME)";
				SWIFT_VERSION = 4.0;
				TARGETED_DEVICE_FAMILY = "1,2";
			};
			name = Debug;
		};
		187BF112214ED4CE00F710D6 /* Release */ = {
			isa = XCBuildConfiguration;
			baseConfigurationReference = B4A7ECF4EAA9FF1DD1C619E5 /* Pods-Easy - Parking.release.xcconfig */;
			buildSettings = {
				ASSETCATALOG_COMPILER_APPICON_NAME = AppIcon;
				CODE_SIGN_STYLE = Automatic;
				DEVELOPMENT_TEAM = 65ZCMBX653;
				INFOPLIST_FILE = "Easy - Parking/Info.plist";
				IPHONEOS_DEPLOYMENT_TARGET = 11.2;
				LD_RUNPATH_SEARCH_PATHS = (
					"$(inherited)",
					"@executable_path/Frameworks",
				);
				PRODUCT_BUNDLE_IDENTIFIER = com.pythonanywhere.easyparking;
				PRODUCT_NAME = "$(TARGET_NAME)";
				SWIFT_VERSION = 4.0;
				TARGETED_DEVICE_FAMILY = "1,2";
			};
			name = Release;
		};
/* End XCBuildConfiguration section */

/* Begin XCConfigurationList section */
		187BF0F9214ED4CC00F710D6 /* Build configuration list for PBXProject "Easy - Parking" */ = {
			isa = XCConfigurationList;
			buildConfigurations = (
				187BF10E214ED4CE00F710D6 /* Debug */,
				187BF10F214ED4CE00F710D6 /* Release */,
			);
			defaultConfigurationIsVisible = 0;
			defaultConfigurationName = Release;
		};
		187BF110214ED4CE00F710D6 /* Build configuration list for PBXNativeTarget "Easy - Parking" */ = {
			isa = XCConfigurationList;
			buildConfigurations = (
				187BF111214ED4CE00F710D6 /* Debug */,
				187BF112214ED4CE00F710D6 /* Release */,
			);
			defaultConfigurationIsVisible = 0;
			defaultConfigurationName = Release;
		};
/* End XCConfigurationList section */
	};
	rootObject = 187BF0F6214ED4CC00F710D6 /* Project object */;
}
